Microsoft Visual Studio Solution File, Format Version 12.00
# Visual Studio Version 17
VisualStudioVersion = 17.0.31903.59
MinimumVisualStudioVersion = 10.0.40219.1
Project("{9A19103F-16F7-4668-BE54-9A1E7A4F7556}") = "NodaTimeDemo.Api", "NodaTimeDemo.Api\NodaTimeDemo.Api.csproj", "{A1B2C3D4-E5F6-7890-ABCD-EF1234567890}"
EndProject
Project("{9A19103F-16F7-4668-BE54-9A1E7A4F7556}") = "NodaTimeDemo.Web", "NodaTimeDemo.Web\NodaTimeDemo.Web.csproj", "{EDC29A1B-973E-4E28-B1C0-B55B5BA9EA16}"
EndProject
Project("{9A19103F-16F7-4668-BE54-9A1E7A4F7556}") = "NodaTimeDemo.Data", "NodaTimeDemo.Data\NodaTimeDemo.Data.csproj", "{21DD3FC5-3432-4AC4-AD5A-8F67BDEAC699}"
EndProject
Global
	GlobalSection(SolutionConfigurationPlatforms) = preSolution
		Debug|Any CPU = Debug|Any CPU
		Release|Any CPU = Release|Any CPU
	EndGlobalSection
	GlobalSection(ProjectConfigurationPlatforms) = postSolution
		{A1B2C3D4-E5F6-7890-ABCD-EF1234567890}.Debug|Any CPU.ActiveCfg = Debug|Any CPU
		{A1B2C3D4-E5F6-7890-ABCD-EF1234567890}.Debug|Any CPU.Build.0 = Debug|Any CPU
		{A1B2C3D4-E5F6-7890-ABCD-EF1234567890}.Release|Any CPU.ActiveCfg = Release|Any CPU
		{A1B2C3D4-E5F6-7890-ABCD-EF1234567890}.Release|Any CPU.Build.0 = Release|Any CPU
		{EDC29A1B-973E-4E28-B1C0-B55B5BA9EA16}.Debug|Any CPU.ActiveCfg = Debug|Any CPU
		{EDC29A1B-973E-4E28-B1C0-B55B5BA9EA16}.Debug|Any CPU.Build.0 = Debug|Any CPU
		{EDC29A1B-973E-4E28-B1C0-B55B5BA9EA16}.Release|Any CPU.ActiveCfg = Release|Any CPU
		{EDC29A1B-973E-4E28-B1C0-B55B5BA9EA16}.Release|Any CPU.Build.0 = Release|Any CPU
		{21DD3FC5-3432-4AC4-AD5A-8F67BDEAC699}.Debug|Any CPU.ActiveCfg = Debug|Any CPU
		{21DD3FC5-3432-4AC4-AD5A-8F67BDEAC699}.Debug|Any CPU.Build.0 = Debug|Any CPU
		{21DD3FC5-3432-4AC4-AD5A-8F67BDEAC699}.Release|Any CPU.ActiveCfg = Release|Any CPU
		{21DD3FC5-3432-4AC4-AD5A-8F67BDEAC699}.Release|Any CPU.Build.0 = Release|Any CPU
	EndGlobalSection
	GlobalSection(SolutionProperties) = preSolution
		HideSolutionNode = FALSE
	EndGlobalSection
	GlobalSection(ExtensibilityGlobals) = postSolution
		SolutionGuid = {59196710-AD57-4750-A77F-86616041FB02}
	EndGlobalSection
EndGlobal
